// !$*UTF8*$!
{
	archiveVersion = 1;
	classes = {
	};
	objectVersion = 51;
	objects = {

/* Begin PBXBuildFile section */
		66647700B0C3831877B5D55F /* Pods_Bubbless.framework in Frameworks */ = {isa = PBXBuildFile; fileRef = 87B33328846943F213B85C09 /* Pods_Bubbless.framework */; };
		780820CB245DBDD300DE6722 /* AppDelegate.swift in Sources */ = {isa = PBXBuildFile; fileRef = 780820CA245DBDD300DE6722 /* AppDelegate.swift */; };
		780820CD245DBDD300DE6722 /* GameScene.sks in Resources */ = {isa = PBXBuildFile; fileRef = 780820CC245DBDD300DE6722 /* GameScene.sks */; };
		780820D1245DBDD300DE6722 /* GameScene.swift in Sources */ = {isa = PBXBuildFile; fileRef = 780820D0245DBDD300DE6722 /* GameScene.swift */; };
		780820D3245DBDD300DE6722 /* GameViewController.swift in Sources */ = {isa = PBXBuildFile; fileRef = 780820D2245DBDD300DE6722 /* GameViewController.swift */; };
		780820D6245DBDD300DE6722 /* Main.storyboard in Resources */ = {isa = PBXBuildFile; fileRef = 780820D4245DBDD300DE6722 /* Main.storyboard */; };
		780820D8245DBDD700DE6722 /* Assets.xcassets in Resources */ = {isa = PBXBuildFile; fileRef = 780820D7245DBDD700DE6722 /* Assets.xcassets */; };
		780820DB245DBDD700DE6722 /* LaunchScreen.storyboard in Resources */ = {isa = PBXBuildFile; fileRef = 780820D9245DBDD700DE6722 /* LaunchScreen.storyboard */; };
		780820EB245DC29700DE6722 /* NodeComponent.swift in Sources */ = {isa = PBXBuildFile; fileRef = 780820EA245DC29700DE6722 /* NodeComponent.swift */; };
		780820ED245DC45E00DE6722 /* ShapeComponent.swift in Sources */ = {isa = PBXBuildFile; fileRef = 780820EC245DC45E00DE6722 /* ShapeComponent.swift */; };
		780820EF245DC67F00DE6722 /* PhysicsBodyComponent.swift in Sources */ = {isa = PBXBuildFile; fileRef = 780820EE245DC67F00DE6722 /* PhysicsBodyComponent.swift */; };
		780820F1245DC85C00DE6722 /* Bubble.swift in Sources */ = {isa = PBXBuildFile; fileRef = 780820F0245DC85C00DE6722 /* Bubble.swift */; };
		780820F3245E0DF400DE6722 /* Array+Additions.swift in Sources */ = {isa = PBXBuildFile; fileRef = 780820F2245E0DF400DE6722 /* Array+Additions.swift */; };
		780820F6245E1E3B00DE6722 /* ScoreLabel.swift in Sources */ = {isa = PBXBuildFile; fileRef = 780820F5245E1E3B00DE6722 /* ScoreLabel.swift */; };
		780820F8245E1E8500DE6722 /* LabelComponent.swift in Sources */ = {isa = PBXBuildFile; fileRef = 780820F7245E1E8500DE6722 /* LabelComponent.swift */; };
		780820FB245E21C700DE6722 /* SF-Pro-Display-Ultralight.otf in Resources */ = {isa = PBXBuildFile; fileRef = 780820FA245E21C700DE6722 /* SF-Pro-Display-Ultralight.otf */; };
		786FE1202460A69400688C87 /* Localizable.strings in Resources */ = {isa = PBXBuildFile; fileRef = 786FE1222460A69400688C87 /* Localizable.strings */; };
		788E338C246059BF0007A3F7 /* StoreKit.framework in Frameworks */ = {isa = PBXBuildFile; fileRef = 788E338B246059BF0007A3F7 /* StoreKit.framework */; };
		788E338E246070D50007A3F7 /* Defaults.swift in Sources */ = {isa = PBXBuildFile; fileRef = 788E338D246070D50007A3F7 /* Defaults.swift */; };
		788E339024608DE30007A3F7 /* SKReview.swift in Sources */ = {isa = PBXBuildFile; fileRef = 788E338F24608DE30007A3F7 /* SKReview.swift */; };
		789C44EA24601D6800DC7C07 /* GameKit.framework in Frameworks */ = {isa = PBXBuildFile; fileRef = 789C44E924601D6800DC7C07 /* GameKit.framework */; };
		789E7462245F3B0300E9D5E6 /* ExtraScene.sks in Resources */ = {isa = PBXBuildFile; fileRef = 789E7461245F3B0300E9D5E6 /* ExtraScene.sks */; };
		789E7464245F3B0E00E9D5E6 /* ExtraScene.swift in Sources */ = {isa = PBXBuildFile; fileRef = 789E7463245F3B0E00E9D5E6 /* ExtraScene.swift */; };
		789E7466245F44A200E9D5E6 /* Button.swift in Sources */ = {isa = PBXBuildFile; fileRef = 789E7465245F44A200E9D5E6 /* Button.swift */; };
		789E7468245F453D00E9D5E6 /* SF-Pro-Text-Regular.otf in Resources */ = {isa = PBXBuildFile; fileRef = 789E7467245F453D00E9D5E6 /* SF-Pro-Text-Regular.otf */; };
		789E746A245F575600E9D5E6 /* StartScene.sks in Resources */ = {isa = PBXBuildFile; fileRef = 789E7469245F575500E9D5E6 /* StartScene.sks */; };
		789E746C245F576600E9D5E6 /* StartScene.swift in Sources */ = {isa = PBXBuildFile; fileRef = 789E746B245F576600E9D5E6 /* StartScene.swift */; };
		789E746E245F8B3A00E9D5E6 /* AdMob.swift in Sources */ = {isa = PBXBuildFile; fileRef = 789E746D245F8B3A00E9D5E6 /* AdMob.swift */; };
		789E7470245F8B4400E9D5E6 /* GameCenter.swift in Sources */ = {isa = PBXBuildFile; fileRef = 789E746F245F8B4400E9D5E6 /* GameCenter.swift */; };
		789E7472245F8B4B00E9D5E6 /* IAPService.swift in Sources */ = {isa = PBXBuildFile; fileRef = 789E7471245F8B4B00E9D5E6 /* IAPService.swift */; };
/* End PBXBuildFile section */

/* Begin PBXFileReference section */
		0BB9C3413CF8DDBA86405EE7 /* Pods-Bubbless.debug.xcconfig */ = {isa = PBXFileReference; includeInIndex = 1; lastKnownFileType = text.xcconfig; name = "Pods-Bubbless.debug.xcconfig"; path = "Target Support Files/Pods-Bubbless/Pods-Bubbless.debug.xcconfig"; sourceTree = "<group>"; };
		780820C7245DBDD300DE6722 /* Bubbless.app */ = {isa = PBXFileReference; explicitFileType = wrapper.application; includeInIndex = 0; path = Bubbless.app; sourceTree = BUILT_PRODUCTS_DIR; };
		780820CA245DBDD300DE6722 /* AppDelegate.swift */ = {isa = PBXFileReference; lastKnownFileType = sourcecode.swift; path = AppDelegate.swift; sourceTree = "<group>"; };
		780820CC245DBDD300DE6722 /* GameScene.sks */ = {isa = PBXFileReference; lastKnownFileType = file.sks; path = GameScene.sks; sourceTree = "<group>"; };
		780820D0245DBDD300DE6722 /* GameScene.swift */ = {isa = PBXFileReference; lastKnownFileType = sourcecode.swift; path = GameScene.swift; sourceTree = "<group>"; };
		780820D2245DBDD300DE6722 /* GameViewController.swift */ = {isa = PBXFileReference; lastKnownFileType = sourcecode.swift; path = GameViewController.swift; sourceTree = "<group>"; };
		780820D5245DBDD300DE6722 /* Base */ = {isa = PBXFileReference; lastKnownFileType = file.storyboard; name = Base; path = Base.lproj/Main.storyboard; sourceTree = "<group>"; };
		780820D7245DBDD700DE6722 /* Assets.xcassets */ = {isa = PBXFileReference; lastKnownFileType = folder.assetcatalog; path = Assets.xcassets; sourceTree = "<group>"; };
		780820DA245DBDD700DE6722 /* Base */ = {isa = PBXFileReference; lastKnownFileType = file.storyboard; name = Base; path = Base.lproj/LaunchScreen.storyboard; sourceTree = "<group>"; };
		780820DC245DBDD700DE6722 /* Info.plist */ = {isa = PBXFileReference; lastKnownFileType = text.plist.xml; path = Info.plist; sourceTree = "<group>"; };
		780820EA245DC29700DE6722 /* NodeComponent.swift */ = {isa = PBXFileReference; lastKnownFileType = sourcecode.swift; path = NodeComponent.swift; sourceTree = "<group>"; };
		780820EC245DC45E00DE6722 /* ShapeComponent.swift */ = {isa = PBXFileReference; lastKnownFileType = sourcecode.swift; path = ShapeComponent.swift; sourceTree = "<group>"; };
		780820EE245DC67F00DE6722 /* PhysicsBodyComponent.swift */ = {isa = PBXFileReference; lastKnownFileType = sourcecode.swift; path = PhysicsBodyComponent.swift; sourceTree = "<group>"; };
		780820F0245DC85C00DE6722 /* Bubble.swift */ = {isa = PBXFileReference; lastKnownFileType = sourcecode.swift; path = Bubble.swift; sourceTree = "<group>"; };
		780820F2245E0DF400DE6722 /* Array+Additions.swift */ = {isa = PBXFileReference; lastKnownFileType = sourcecode.swift; path = "Array+Additions.swift"; sourceTree = "<group>"; };
		780820F5245E1E3B00DE6722 /* ScoreLabel.swift */ = {isa = PBXFileReference; lastKnownFileType = sourcecode.swift; path = ScoreLabel.swift; sourceTree = "<group>"; };
		780820F7245E1E8500DE6722 /* LabelComponent.swift */ = {isa = PBXFileReference; lastKnownFileType = sourcecode.swift; path = LabelComponent.swift; sourceTree = "<group>"; };
		780820FA245E21C700DE6722 /* SF-Pro-Display-Ultralight.otf */ = {isa = PBXFileReference; lastKnownFileType = file; path = "SF-Pro-Display-Ultralight.otf"; sourceTree = "<group>"; };
		786FE11C2460A60900688C87 /* ru */ = {isa = PBXFileReference; lastKnownFileType = text.plist.strings; name = ru; path = ru.lproj/Main.strings; sourceTree = "<group>"; };
		786FE11D2460A60900688C87 /* ru */ = {isa = PBXFileReference; lastKnownFileType = text.plist.strings; name = ru; path = ru.lproj/LaunchScreen.strings; sourceTree = "<group>"; };
		786FE1212460A69400688C87 /* ru */ = {isa = PBXFileReference; lastKnownFileType = text.plist.strings; name = ru; path = ru.lproj/Localizable.strings; sourceTree = "<group>"; };
		786FE1242460A6E600688C87 /* en */ = {isa = PBXFileReference; lastKnownFileType = text.plist.strings; name = en; path = en.lproj/Localizable.strings; sourceTree = "<group>"; };
		786FE1252460C6E100688C87 /* zh-Hans */ = {isa = PBXFileReference; lastKnownFileType = text.plist.strings; name = "zh-Hans"; path = "zh-Hans.lproj/Main.strings"; sourceTree = "<group>"; };
		786FE1262460C6E100688C87 /* zh-Hans */ = {isa = PBXFileReference; lastKnownFileType = text.plist.strings; name = "zh-Hans"; path = "zh-Hans.lproj/LaunchScreen.strings"; sourceTree = "<group>"; };
		786FE1272460C6E100688C87 /* zh-Hans */ = {isa = PBXFileReference; lastKnownFileType = text.plist.strings; name = "zh-Hans"; path = "zh-Hans.lproj/Localizable.strings"; sourceTree = "<group>"; };
		786FE1282460D00700688C87 /* ja */ = {isa = PBXFileReference; lastKnownFileType = text.plist.strings; name = ja; path = ja.lproj/Main.strings; sourceTree = "<group>"; };
		786FE1292460D00700688C87 /* ja */ = {isa = PBXFileReference; lastKnownFileType = text.plist.strings; name = ja; path = ja.lproj/LaunchScreen.strings; sourceTree = "<group>"; };
		786FE12A2460D00700688C87 /* ja */ = {isa = PBXFileReference; lastKnownFileType = text.plist.strings; name = ja; path = ja.lproj/Localizable.strings; sourceTree = "<group>"; };
		786FE12B2460D4FD00688C87 /* ko */ = {isa = PBXFileReference; lastKnownFileType = text.plist.strings; name = ko; path = ko.lproj/Main.strings; sourceTree = "<group>"; };
		786FE12C2460D4FE00688C87 /* ko */ = {isa = PBXFileReference; lastKnownFileType = text.plist.strings; name = ko; path = ko.lproj/LaunchScreen.strings; sourceTree = "<group>"; };
		786FE12D2460D4FE00688C87 /* ko */ = {isa = PBXFileReference; lastKnownFileType = text.plist.strings; name = ko; path = ko.lproj/Localizable.strings; sourceTree = "<group>"; };
		786FE12E2460D85E00688C87 /* de */ = {isa = PBXFileReference; lastKnownFileType = text.plist.strings; name = de; path = de.lproj/Main.strings; sourceTree = "<group>"; };
		786FE12F2460D85F00688C87 /* de */ = {isa = PBXFileReference; lastKnownFileType = text.plist.strings; name = de; path = de.lproj/LaunchScreen.strings; sourceTree = "<group>"; };
		786FE1302460D85F00688C87 /* de */ = {isa = PBXFileReference; lastKnownFileType = text.plist.strings; name = de; path = de.lproj/Localizable.strings; sourceTree = "<group>"; };
		786FE1312460DCFD00688C87 /* fr */ = {isa = PBXFileReference; lastKnownFileType = text.plist.strings; name = fr; path = fr.lproj/Main.strings; sourceTree = "<group>"; };
		786FE1322460DCFD00688C87 /* fr */ = {isa = PBXFileReference; lastKnownFileType = text.plist.strings; name = fr; path = fr.lproj/LaunchScreen.strings; sourceTree = "<group>"; };
		786FE1332460DCFD00688C87 /* fr */ = {isa = PBXFileReference; lastKnownFileType = text.plist.strings; name = fr; path = fr.lproj/Localizable.strings; sourceTree = "<group>"; };
		786FE1342460DFDA00688C87 /* es */ = {isa = PBXFileReference; lastKnownFileType = text.plist.strings; name = es; path = es.lproj/Main.strings; sourceTree = "<group>"; };
		786FE1352460DFDA00688C87 /* es */ = {isa = PBXFileReference; lastKnownFileType = text.plist.strings; name = es; path = es.lproj/LaunchScreen.strings; sourceTree = "<group>"; };
		786FE1362460DFDA00688C87 /* es */ = {isa = PBXFileReference; lastKnownFileType = text.plist.strings; name = es; path = es.lproj/Localizable.strings; sourceTree = "<group>"; };
		786FE1372460E2E700688C87 /* it */ = {isa = PBXFileReference; lastKnownFileType = text.plist.strings; name = it; path = it.lproj/Main.strings; sourceTree = "<group>"; };
		786FE1382460E2E700688C87 /* it */ = {isa = PBXFileReference; lastKnownFileType = text.plist.strings; name = it; path = it.lproj/LaunchScreen.strings; sourceTree = "<group>"; };
		786FE1392460E2E700688C87 /* it */ = {isa = PBXFileReference; lastKnownFileType = text.plist.strings; name = it; path = it.lproj/Localizable.strings; sourceTree = "<group>"; };
		786FE13A2460E61100688C87 /* fr-CA */ = {isa = PBXFileReference; lastKnownFileType = text.plist.strings; name = "fr-CA"; path = "fr-CA.lproj/Main.strings"; sourceTree = "<group>"; };
		786FE13B2460E61100688C87 /* fr-CA */ = {isa = PBXFileReference; lastKnownFileType = text.plist.strings; name = "fr-CA"; path = "fr-CA.lproj/LaunchScreen.strings"; sourceTree = "<group>"; };
		786FE13C2460E61100688C87 /* fr-CA */ = {isa = PBXFileReference; lastKnownFileType = text.plist.strings; name = "fr-CA"; path = "fr-CA.lproj/Localizable.strings"; sourceTree = "<group>"; };
		786FE13D2460E6AD00688C87 /* es-419 */ = {isa = PBXFileReference; lastKnownFileType = text.plist.strings; name = "es-419"; path = "es-419.lproj/Main.strings"; sourceTree = "<group>"; };
		786FE13E2460E6AD00688C87 /* es-419 */ = {isa = PBXFileReference; lastKnownFileType = text.plist.strings; name = "es-419"; path = "es-419.lproj/LaunchScreen.strings"; sourceTree = "<group>"; };
		786FE13F2460E6AD00688C87 /* es-419 */ = {isa = PBXFileReference; lastKnownFileType = text.plist.strings; name = "es-419"; path = "es-419.lproj/Localizable.strings"; sourceTree = "<group>"; };
		788E338B246059BF0007A3F7 /* StoreKit.framework */ = {isa = PBXFileReference; lastKnownFileType = wrapper.framework; name = StoreKit.framework; path = System/Library/Frameworks/StoreKit.framework; sourceTree = SDKROOT; };
		788E338D246070D50007A3F7 /* Defaults.swift */ = {isa = PBXFileReference; lastKnownFileType = sourcecode.swift; path = Defaults.swift; sourceTree = "<group>"; };
		788E338F24608DE30007A3F7 /* SKReview.swift */ = {isa = PBXFileReference; lastKnownFileType = sourcecode.swift; path = SKReview.swift; sourceTree = "<group>"; };
		789C44E924601D6800DC7C07 /* GameKit.framework */ = {isa = PBXFileReference; lastKnownFileType = wrapper.framework; name = GameKit.framework; path = System/Library/Frameworks/GameKit.framework; sourceTree = SDKROOT; };
		789E7461245F3B0300E9D5E6 /* ExtraScene.sks */ = {isa = PBXFileReference; lastKnownFileType = file.sks; path = ExtraScene.sks; sourceTree = "<group>"; };
		789E7463245F3B0E00E9D5E6 /* ExtraScene.swift */ = {isa = PBXFileReference; lastKnownFileType = sourcecode.swift; path = ExtraScene.swift; sourceTree = "<group>"; };
		789E7465245F44A200E9D5E6 /* Button.swift */ = {isa = PBXFileReference; lastKnownFileType = sourcecode.swift; path = Button.swift; sourceTree = "<group>"; };
		789E7467245F453D00E9D5E6 /* SF-Pro-Text-Regular.otf */ = {isa = PBXFileReference; lastKnownFileType = file; path = "SF-Pro-Text-Regular.otf"; sourceTree = "<group>"; };
		789E7469245F575500E9D5E6 /* StartScene.sks */ = {isa = PBXFileReference; lastKnownFileType = file.sks; path = StartScene.sks; sourceTree = "<group>"; };
		789E746B245F576600E9D5E6 /* StartScene.swift */ = {isa = PBXFileReference; lastKnownFileType = sourcecode.swift; path = StartScene.swift; sourceTree = "<group>"; };
		789E746D245F8B3A00E9D5E6 /* AdMob.swift */ = {isa = PBXFileReference; lastKnownFileType = sourcecode.swift; path = AdMob.swift; sourceTree = "<group>"; };
		789E746F245F8B4400E9D5E6 /* GameCenter.swift */ = {isa = PBXFileReference; lastKnownFileType = sourcecode.swift; path = GameCenter.swift; sourceTree = "<group>"; };
		789E7471245F8B4B00E9D5E6 /* IAPService.swift */ = {isa = PBXFileReference; lastKnownFileType = sourcecode.swift; path = IAPService.swift; sourceTree = "<group>"; };
		87B33328846943F213B85C09 /* Pods_Bubbless.framework */ = {isa = PBXFileReference; explicitFileType = wrapper.framework; includeInIndex = 0; path = Pods_Bubbless.framework; sourceTree = BUILT_PRODUCTS_DIR; };
		9F494D0C4E94EAE20C7F3D68 /* Pods-Bubbless.release.xcconfig */ = {isa = PBXFileReference; includeInIndex = 1; lastKnownFileType = text.xcconfig; name = "Pods-Bubbless.release.xcconfig"; path = "Target Support Files/Pods-Bubbless/Pods-Bubbless.release.xcconfig"; sourceTree = "<group>"; };
/* End PBXFileReference section */

/* Begin PBXFrameworksBuildPhase section */
		780820C4245DBDD300DE6722 /* Frameworks */ = {
			isa = PBXFrameworksBuildPhase;
			buildActionMask = 2147483647;
			files = (
				788E338C246059BF0007A3F7 /* StoreKit.framework in Frameworks */,
				66647700B0C3831877B5D55F /* Pods_Bubbless.framework in Frameworks */,
				789C44EA24601D6800DC7C07 /* GameKit.framework in Frameworks */,
			);
			runOnlyForDeploymentPostprocessing = 0;
		};
/* End PBXFrameworksBuildPhase section */

/* Begin PBXGroup section */
		776D067F055FA82A4D1A3E05 /* Frameworks */ = {
			isa = PBXGroup;
			children = (
				788E338B246059BF0007A3F7 /* StoreKit.framework */,
				789C44E924601D6800DC7C07 /* GameKit.framework */,
				87B33328846943F213B85C09 /* Pods_Bubbless.framework */,
			);
			name = Frameworks;
			sourceTree = "<group>";
		};
		780820BE245DBDD300DE6722 = {
			isa = PBXGroup;
			children = (
				780820C9245DBDD300DE6722 /* Bubbless */,
				780820C8245DBDD300DE6722 /* Products */,
				B2ADBB5B405D596CA8C49C97 /* Pods */,
				776D067F055FA82A4D1A3E05 /* Frameworks */,
			);
			sourceTree = "<group>";
		};
		780820C8245DBDD300DE6722 /* Products */ = {
			isa = PBXGroup;
			children = (
				780820C7245DBDD300DE6722 /* Bubbless.app */,
			);
			name = Products;
			sourceTree = "<group>";
		};
		780820C9245DBDD300DE6722 /* Bubbless */ = {
			isa = PBXGroup;
			children = (
				780820E2245DBE5B00DE6722 /* Nodes */,
				780820E5245DBE7A00DE6722 /* Scenes */,
				780820E6245DBE8700DE6722 /* Controllers */,
				780820E7245DBEA800DE6722 /* Utilities */,
				780820E8245DBEB200DE6722 /* Extensions */,
				780820E9245DBEBB00DE6722 /* Supporting Files */,
			);
			path = Bubbless;
			sourceTree = "<group>";
		};
		780820E2245DBE5B00DE6722 /* Nodes */ = {
			isa = PBXGroup;
			children = (
				780820E4245DBE6A00DE6722 /* Components */,
				780820E3245DBE6200DE6722 /* Entities */,
			);
			path = Nodes;
			sourceTree = "<group>";
		};
		780820E3245DBE6200DE6722 /* Entities */ = {
			isa = PBXGroup;
			children = (
				780820F4245E1DE300DE6722 /* UI */,
				780820F0245DC85C00DE6722 /* Bubble.swift */,
			);
			path = Entities;
			sourceTree = "<group>";
		};
		780820E4245DBE6A00DE6722 /* Components */ = {
			isa = PBXGroup;
			children = (
				780820EA245DC29700DE6722 /* NodeComponent.swift */,
				780820EC245DC45E00DE6722 /* ShapeComponent.swift */,
				780820F7245E1E8500DE6722 /* LabelComponent.swift */,
				780820EE245DC67F00DE6722 /* PhysicsBodyComponent.swift */,
			);
			path = Components;
			sourceTree = "<group>";
		};
		780820E5245DBE7A00DE6722 /* Scenes */ = {
			isa = PBXGroup;
			children = (
				789E7469245F575500E9D5E6 /* StartScene.sks */,
				789E746B245F576600E9D5E6 /* StartScene.swift */,
				780820CC245DBDD300DE6722 /* GameScene.sks */,
				780820D0245DBDD300DE6722 /* GameScene.swift */,
				789E7461245F3B0300E9D5E6 /* ExtraScene.sks */,
				789E7463245F3B0E00E9D5E6 /* ExtraScene.swift */,
			);
			path = Scenes;
			sourceTree = "<group>";
		};
		780820E6245DBE8700DE6722 /* Controllers */ = {
			isa = PBXGroup;
			children = (
				780820CA245DBDD300DE6722 /* AppDelegate.swift */,
				780820D2245DBDD300DE6722 /* GameViewController.swift */,
			);
			path = Controllers;
			sourceTree = "<group>";
		};
		780820E7245DBEA800DE6722 /* Utilities */ = {
			isa = PBXGroup;
			children = (
				789E746D245F8B3A00E9D5E6 /* AdMob.swift */,
				789E746F245F8B4400E9D5E6 /* GameCenter.swift */,
				789E7471245F8B4B00E9D5E6 /* IAPService.swift */,
				788E338F24608DE30007A3F7 /* SKReview.swift */,
				788E338D246070D50007A3F7 /* Defaults.swift */,
			);
			path = Utilities;
			sourceTree = "<group>";
		};
		780820E8245DBEB200DE6722 /* Extensions */ = {
			isa = PBXGroup;
			children = (
				780820F2245E0DF400DE6722 /* Array+Additions.swift */,
			);
			path = Extensions;
			sourceTree = "<group>";
		};
		780820E9245DBEBB00DE6722 /* Supporting Files */ = {
			isa = PBXGroup;
			children = (
				780820F9245E21BB00DE6722 /* Fonts */,
				780820D4245DBDD300DE6722 /* Main.storyboard */,
				780820D7245DBDD700DE6722 /* Assets.xcassets */,
				780820D9245DBDD700DE6722 /* LaunchScreen.storyboard */,
				786FE1222460A69400688C87 /* Localizable.strings */,
				780820DC245DBDD700DE6722 /* Info.plist */,
			);
			path = "Supporting Files";
			sourceTree = "<group>";
		};
		780820F4245E1DE300DE6722 /* UI */ = {
			isa = PBXGroup;
			children = (
				789E7465245F44A200E9D5E6 /* Button.swift */,
				780820F5245E1E3B00DE6722 /* ScoreLabel.swift */,
			);
			path = UI;
			sourceTree = "<group>";
		};
		780820F9245E21BB00DE6722 /* Fonts */ = {
			isa = PBXGroup;
			children = (
				789E7467245F453D00E9D5E6 /* SF-Pro-Text-Regular.otf */,
				780820FA245E21C700DE6722 /* SF-Pro-Display-Ultralight.otf */,
			);
			path = Fonts;
			sourceTree = "<group>";
		};
		B2ADBB5B405D596CA8C49C97 /* Pods */ = {
			isa = PBXGroup;
			children = (
				0BB9C3413CF8DDBA86405EE7 /* Pods-Bubbless.debug.xcconfig */,
				9F494D0C4E94EAE20C7F3D68 /* Pods-Bubbless.release.xcconfig */,
			);
			path = Pods;
			sourceTree = "<group>";
		};
/* End PBXGroup section */

/* Begin PBXNativeTarget section */
		780820C6245DBDD300DE6722 /* Bubbless */ = {
			isa = PBXNativeTarget;
			buildConfigurationList = 780820DF245DBDD700DE6722 /* Build configuration list for PBXNativeTarget "Bubbless" */;
			buildPhases = (
				DEE5DF2062C376F41A3952EC /* [CP] Check Pods Manifest.lock */,
				780820C3245DBDD300DE6722 /* Sources */,
				780820C4245DBDD300DE6722 /* Frameworks */,
				780820C5245DBDD300DE6722 /* Resources */,
				D86121852E7DAEF937BB70CB /* [CP] Embed Pods Frameworks */,
			);
			buildRules = (
			);
			dependencies = (
			);
			name = Bubbless;
			productName = Bubbless;
			productReference = 780820C7245DBDD300DE6722 /* Bubbless.app */;
			productType = "com.apple.product-type.application";
		};
/* End PBXNativeTarget section */

/* Begin PBXProject section */
		780820BF245DBDD300DE6722 /* Project object */ = {
			isa = PBXProject;
			attributes = {
				LastSwiftUpdateCheck = 1140;
				LastUpgradeCheck = 1140;
				ORGANIZATIONNAME = "Vladislav Kulikov";
				TargetAttributes = {
					780820C6245DBDD300DE6722 = {
						CreatedOnToolsVersion = 11.4;
					};
				};
			};
			buildConfigurationList = 780820C2245DBDD300DE6722 /* Build configuration list for PBXProject "Bubbless" */;
			compatibilityVersion = "Xcode 9.3";
			developmentRegion = en;
			hasScannedForEncodings = 0;
			knownRegions = (
				en,
				Base,
				ru,
				"zh-Hans",
				ja,
				ko,
				de,
				fr,
				es,
				it,
				"fr-CA",
				"es-419",
			);
			mainGroup = 780820BE245DBDD300DE6722;
			productRefGroup = 780820C8245DBDD300DE6722 /* Products */;
			projectDirPath = "";
			projectRoot = "";
			targets = (
				780820C6245DBDD300DE6722 /* Bubbless */,
			);
		};
/* End PBXProject section */

/* Begin PBXResourcesBuildPhase section */
		780820C5245DBDD300DE6722 /* Resources */ = {
			isa = PBXResourcesBuildPhase;
			buildActionMask = 2147483647;
			files = (
				780820D6245DBDD300DE6722 /* Main.storyboard in Resources */,
				789E746A245F575600E9D5E6 /* StartScene.sks in Resources */,
				789E7462245F3B0300E9D5E6 /* ExtraScene.sks in Resources */,
				780820CD245DBDD300DE6722 /* GameScene.sks in Resources */,
				786FE1202460A69400688C87 /* Localizable.strings in Resources */,
				780820FB245E21C700DE6722 /* SF-Pro-Display-Ultralight.otf in Resources */,
				780820D8245DBDD700DE6722 /* Assets.xcassets in Resources */,
				780820DB245DBDD700DE6722 /* LaunchScreen.storyboard in Resources */,
				789E7468245F453D00E9D5E6 /* SF-Pro-Text-Regular.otf in Resources */,
			);
			runOnlyForDeploymentPostprocessing = 0;
		};
/* End PBXResourcesBuildPhase section */

/* Begin PBXShellScriptBuildPhase section */
		D86121852E7DAEF937BB70CB /* [CP] Embed Pods Frameworks */ = {
			isa = PBXShellScriptBuildPhase;
			buildActionMask = 2147483647;
			files = (
			);
			inputFileListPaths = (
				"${PODS_ROOT}/Target Support Files/Pods-Bubbless/Pods-Bubbless-frameworks-${CONFIGURATION}-input-files.xcfilelist",
			);
			name = "[CP] Embed Pods Frameworks";
			outputFileListPaths = (
				"${PODS_ROOT}/Target Support Files/Pods-Bubbless/Pods-Bubbless-frameworks-${CONFIGURATION}-output-files.xcfilelist",
			);
			runOnlyForDeploymentPostprocessing = 0;
			shellPath = /bin/sh;
			shellScript = "\"${PODS_ROOT}/Target Support Files/Pods-Bubbless/Pods-Bubbless-frameworks.sh\"\n";
			showEnvVarsInLog = 0;
		};
		DEE5DF2062C376F41A3952EC /* [CP] Check Pods Manifest.lock */ = {
			isa = PBXShellScriptBuildPhase;
			buildActionMask = 2147483647;
			files = (
			);
			inputFileListPaths = (
			);
			inputPaths = (
				"${PODS_PODFILE_DIR_PATH}/Podfile.lock",
				"${PODS_ROOT}/Manifest.lock",
			);
			name = "[CP] Check Pods Manifest.lock";
			outputFileListPaths = (
			);
			outputPaths = (
				"$(DERIVED_FILE_DIR)/Pods-Bubbless-checkManifestLockResult.txt",
			);
			runOnlyForDeploymentPostprocessing = 0;
			shellPath = /bin/sh;
			shellScript = "diff \"${PODS_PODFILE_DIR_PATH}/Podfile.lock\" \"${PODS_ROOT}/Manifest.lock\" > /dev/null\nif [ $? != 0 ] ; then\n    # print error to STDERR\n    echo \"error: The sandbox is not in sync with the Podfile.lock. Run 'pod install' or update your CocoaPods installation.\" >&2\n    exit 1\nfi\n# This output is used by Xcode 'outputs' to avoid re-running this script phase.\necho \"SUCCESS\" > \"${SCRIPT_OUTPUT_FILE_0}\"\n";
			showEnvVarsInLog = 0;
		};
/* End PBXShellScriptBuildPhase section */

/* Begin PBXSourcesBuildPhase section */
		780820C3245DBDD300DE6722 /* Sources */ = {
			isa = PBXSourcesBuildPhase;
			buildActionMask = 2147483647;
			files = (
				780820D1245DBDD300DE6722 /* GameScene.swift in Sources */,
				780820F3245E0DF400DE6722 /* Array+Additions.swift in Sources */,
				780820D3245DBDD300DE6722 /* GameViewController.swift in Sources */,
				780820CB245DBDD300DE6722 /* AppDelegate.swift in Sources */,
				789E7464245F3B0E00E9D5E6 /* ExtraScene.swift in Sources */,
				780820EF245DC67F00DE6722 /* PhysicsBodyComponent.swift in Sources */,
				789E7472245F8B4B00E9D5E6 /* IAPService.swift in Sources */,
				780820F1245DC85C00DE6722 /* Bubble.swift in Sources */,
				789E746E245F8B3A00E9D5E6 /* AdMob.swift in Sources */,
				789E7470245F8B4400E9D5E6 /* GameCenter.swift in Sources */,
				789E7466245F44A200E9D5E6 /* Button.swift in Sources */,
				788E338E246070D50007A3F7 /* Defaults.swift in Sources */,
				789E746C245F576600E9D5E6 /* StartScene.swift in Sources */,
				788E339024608DE30007A3F7 /* SKReview.swift in Sources */,
				780820F8245E1E8500DE6722 /* LabelComponent.swift in Sources */,
				780820EB245DC29700DE6722 /* NodeComponent.swift in Sources */,
				780820F6245E1E3B00DE6722 /* ScoreLabel.swift in Sources */,
				780820ED245DC45E00DE6722 /* ShapeComponent.swift in Sources */,
			);
			runOnlyForDeploymentPostprocessing = 0;
		};
/* End PBXSourcesBuildPhase section */

/* Begin PBXVariantGroup section */
		780820D4245DBDD300DE6722 /* Main.storyboard */ = {
			isa = PBXVariantGroup;
			children = (
				780820D5245DBDD300DE6722 /* Base */,
				786FE11C2460A60900688C87 /* ru */,
				786FE1252460C6E100688C87 /* zh-Hans */,
				786FE1282460D00700688C87 /* ja */,
				786FE12B2460D4FD00688C87 /* ko */,
				786FE12E2460D85E00688C87 /* de */,
				786FE1312460DCFD00688C87 /* fr */,
				786FE1342460DFDA00688C87 /* es */,
				786FE1372460E2E700688C87 /* it */,
				786FE13A2460E61100688C87 /* fr-CA */,
				786FE13D2460E6AD00688C87 /* es-419 */,
			);
			name = Main.storyboard;
			sourceTree = "<group>";
		};
		780820D9245DBDD700DE6722 /* LaunchScreen.storyboard */ = {
			isa = PBXVariantGroup;
			children = (
				780820DA245DBDD700DE6722 /* Base */,
				786FE11D2460A60900688C87 /* ru */,
				786FE1262460C6E100688C87 /* zh-Hans */,
				786FE1292460D00700688C87 /* ja */,
				786FE12C2460D4FE00688C87 /* ko */,
				786FE12F2460D85F00688C87 /* de */,
				786FE1322460DCFD00688C87 /* fr */,
				786FE1352460DFDA00688C87 /* es */,
				786FE1382460E2E700688C87 /* it */,
				786FE13B2460E61100688C87 /* fr-CA */,
				786FE13E2460E6AD00688C87 /* es-419 */,
			);
			name = LaunchScreen.storyboard;
			sourceTree = "<group>";
		};
		786FE1222460A69400688C87 /* Localizable.strings */ = {
			isa = PBXVariantGroup;
			children = (
				786FE1212460A69400688C87 /* ru */,
				786FE1242460A6E600688C87 /* en */,
				786FE1272460C6E100688C87 /* zh-Hans */,
				786FE12A2460D00700688C87 /* ja */,
				786FE12D2460D4FE00688C87 /* ko */,
				786FE1302460D85F00688C87 /* de */,
				786FE1332460DCFD00688C87 /* fr */,
				786FE1362460DFDA00688C87 /* es */,
				786FE1392460E2E700688C87 /* it */,
				786FE13C2460E61100688C87 /* fr-CA */,
				786FE13F2460E6AD00688C87 /* es-419 */,
			);
			name = Localizable.strings;
			sourceTree = "<group>";
		};
/* End PBXVariantGroup section */

/* Begin XCBuildConfiguration section */
		780820DD245DBDD700DE6722 /* Debug */ = {
			isa = XCBuildConfiguration;
			buildSettings = {
				ALWAYS_SEARCH_USER_PATHS = NO;
				CLANG_ANALYZER_LOCALIZABILITY_NONLOCALIZED = YES;
				CLANG_ANALYZER_NONNULL = YES;
				CLANG_ANALYZER_NUMBER_OBJECT_CONVERSION = YES_AGGRESSIVE;
				CLANG_CXX_LANGUAGE_STANDARD = "gnu++14";
				CLANG_CXX_LIBRARY = "libc++";
				CLANG_ENABLE_MODULES = YES;
				CLANG_ENABLE_OBJC_ARC = YES;
				CLANG_ENABLE_OBJC_WEAK = YES;
				CLANG_WARN_BLOCK_CAPTURE_AUTORELEASING = YES;
				CLANG_WARN_BOOL_CONVERSION = YES;
				CLANG_WARN_COMMA = YES;
				CLANG_WARN_CONSTANT_CONVERSION = YES;
				CLANG_WARN_DEPRECATED_OBJC_IMPLEMENTATIONS = YES;
				CLANG_WARN_DIRECT_OBJC_ISA_USAGE = YES_ERROR;
				CLANG_WARN_DOCUMENTATION_COMMENTS = YES;
				CLANG_WARN_EMPTY_BODY = YES;
				CLANG_WARN_ENUM_CONVERSION = YES;
				CLANG_WARN_INFINITE_RECURSION = YES;
				CLANG_WARN_INT_CONVERSION = YES;
				CLANG_WARN_NON_LITERAL_NULL_CONVERSION = YES;
				CLANG_WARN_OBJC_IMPLICIT_RETAIN_SELF = YES;
				CLANG_WARN_OBJC_LITERAL_CONVERSION = YES;
				CLANG_WARN_OBJC_ROOT_CLASS = YES_ERROR;
				CLANG_WARN_RANGE_LOOP_ANALYSIS = YES;
				CLANG_WARN_STRICT_PROTOTYPES = YES;
				CLANG_WARN_SUSPICIOUS_MOVE = YES;
				CLANG_WARN_UNGUARDED_AVAILABILITY = YES_AGGRESSIVE;
				CLANG_WARN_UNREACHABLE_CODE = YES;
				CLANG_WARN__DUPLICATE_METHOD_MATCH = YES;
				COPY_PHASE_STRIP = NO;
				DEBUG_INFORMATION_FORMAT = dwarf;
				ENABLE_STRICT_OBJC_MSGSEND = YES;
				ENABLE_TESTABILITY = YES;
				GCC_C_LANGUAGE_STANDARD = gnu11;
				GCC_DYNAMIC_NO_PIC = NO;
				GCC_NO_COMMON_BLOCKS = YES;
				GCC_OPTIMIZATION_LEVEL = 0;
				GCC_PREPROCESSOR_DEFINITIONS = (
					"DEBUG=1",
					"$(inherited)",
				);
				GCC_WARN_64_TO_32_BIT_CONVERSION = YES;
				GCC_WARN_ABOUT_RETURN_TYPE = YES_ERROR;
				GCC_WARN_UNDECLARED_SELECTOR = YES;
				GCC_WARN_UNINITIALIZED_AUTOS = YES_AGGRESSIVE;
				GCC_WARN_UNUSED_FUNCTION = YES;
				GCC_WARN_UNUSED_VARIABLE = YES;
				IPHONEOS_DEPLOYMENT_TARGET = 13.4;
				MTL_ENABLE_DEBUG_INFO = INCLUDE_SOURCE;
				MTL_FAST_MATH = YES;
				ONLY_ACTIVE_ARCH = YES;
				SDKROOT = iphoneos;
				SWIFT_ACTIVE_COMPILATION_CONDITIONS = DEBUG;
				SWIFT_OPTIMIZATION_LEVEL = "-Onone";
			};
			name = Debug;
		};
		780820DE245DBDD700DE6722 /* Release */ = {
			isa = XCBuildConfiguration;
			buildSettings = {
				ALWAYS_SEARCH_USER_PATHS = NO;
				CLANG_ANALYZER_LOCALIZABILITY_NONLOCALIZED = YES;
				CLANG_ANALYZER_NONNULL = YES;
				CLANG_ANALYZER_NUMBER_OBJECT_CONVERSION = YES_AGGRESSIVE;
				CLANG_CXX_LANGUAGE_STANDARD = "gnu++14";
				CLANG_CXX_LIBRARY = "libc++";
				CLANG_ENABLE_MODULES = YES;
				CLANG_ENABLE_OBJC_ARC = YES;
				CLANG_ENABLE_OBJC_WEAK = YES;
				CLANG_WARN_BLOCK_CAPTURE_AUTORELEASING = YES;
				CLANG_WARN_BOOL_CONVERSION = YES;
				CLANG_WARN_COMMA = YES;
				CLANG_WARN_CONSTANT_CONVERSION = YES;
				CLANG_WARN_DEPRECATED_OBJC_IMPLEMENTATIONS = YES;
				CLANG_WARN_DIRECT_OBJC_ISA_USAGE = YES_ERROR;
				CLANG_WARN_DOCUMENTATION_COMMENTS = YES;
				CLANG_WARN_EMPTY_BODY = YES;
				CLANG_WARN_ENUM_CONVERSION = YES;
				CLANG_WARN_INFINITE_RECURSION = YES;
				CLANG_WARN_INT_CONVERSION = YES;
				CLANG_WARN_NON_LITERAL_NULL_CONVERSION = YES;
				CLANG_WARN_OBJC_IMPLICIT_RETAIN_SELF = YES;
				CLANG_WARN_OBJC_LITERAL_CONVERSION = YES;
				CLANG_WARN_OBJC_ROOT_CLASS = YES_ERROR;
				CLANG_WARN_RANGE_LOOP_ANALYSIS = YES;
				CLANG_WARN_STRICT_PROTOTYPES = YES;
				CLANG_WARN_SUSPICIOUS_MOVE = YES;
				CLANG_WARN_UNGUARDED_AVAILABILITY = YES_AGGRESSIVE;
				CLANG_WARN_UNREACHABLE_CODE = YES;
				CLANG_WARN__DUPLICATE_METHOD_MATCH = YES;
				COPY_PHASE_STRIP = NO;
				DEBUG_INFORMATION_FORMAT = "dwarf-with-dsym";
				ENABLE_NS_ASSERTIONS = NO;
				ENABLE_STRICT_OBJC_MSGSEND = YES;
				GCC_C_LANGUAGE_STANDARD = gnu11;
				GCC_NO_COMMON_BLOCKS = YES;
				GCC_WARN_64_TO_32_BIT_CONVERSION = YES;
				GCC_WARN_ABOUT_RETURN_TYPE = YES_ERROR;
				GCC_WARN_UNDECLARED_SELECTOR = YES;
				GCC_WARN_UNINITIALIZED_AUTOS = YES_AGGRESSIVE;
				GCC_WARN_UNUSED_FUNCTION = YES;
				GCC_WARN_UNUSED_VARIABLE = YES;
				IPHONEOS_DEPLOYMENT_TARGET = 13.4;
				MTL_ENABLE_DEBUG_INFO = NO;
				MTL_FAST_MATH = YES;
				SDKROOT = iphoneos;
				SWIFT_COMPILATION_MODE = wholemodule;
				SWIFT_OPTIMIZATION_LEVEL = "-O";
				VALIDATE_PRODUCT = YES;
			};
			name = Release;
		};
		780820E0245DBDD700DE6722 /* Debug */ = {
			isa = XCBuildConfiguration;
			baseConfigurationReference = 0BB9C3413CF8DDBA86405EE7 /* Pods-Bubbless.debug.xcconfig */;
			buildSettings = {
				ASSETCATALOG_COMPILER_APPICON_NAME = AppIcon;
				CODE_SIGN_STYLE = Automatic;
				DEVELOPMENT_TEAM = 5A2X6KMTCZ;
				INFOPLIST_FILE = "$(SRCROOT)/Bubbless/Supporting Files/Info.plist";
				IPHONEOS_DEPLOYMENT_TARGET = 12.0;
				LD_RUNPATH_SEARCH_PATHS = (
					"$(inherited)",
					"@executable_path/Frameworks",
				);
				PRODUCT_BUNDLE_IDENTIFIER = ru.1nd3e.Bubbless;
				PRODUCT_NAME = "$(TARGET_NAME)";
				SWIFT_VERSION = 5.0;
				TARGETED_DEVICE_FAMILY = 1;
			};
			name = Debug;
		};
		780820E1245DBDD700DE6722 /* Release */ = {
			isa = XCBuildConfiguration;
			baseConfigurationReference = 9F494D0C4E94EAE20C7F3D68 /* Pods-Bubbless.release.xcconfig */;
			buildSettings = {
				ASSETCATALOG_COMPILER_APPICON_NAME = AppIcon;
				CODE_SIGN_STYLE = Automatic;
				DEVELOPMENT_TEAM = 5A2X6KMTCZ;
				INFOPLIST_FILE = "$(SRCROOT)/Bubbless/Supporting Files/Info.plist";
				IPHONEOS_DEPLOYMENT_TARGET = 12.0;
				LD_RUNPATH_SEARCH_PATHS = (
					"$(inherited)",
					"@executable_path/Frameworks",
				);
				PRODUCT_BUNDLE_IDENTIFIER = ru.1nd3e.Bubbless;
				PRODUCT_NAME = "$(TARGET_NAME)";
				SWIFT_VERSION = 5.0;
				TARGETED_DEVICE_FAMILY = 1;
			};
			name = Release;
		};
/* End XCBuildConfiguration section */

/* Begin XCConfigurationList section */
		780820C2245DBDD300DE6722 /* Build configuration list for PBXProject "Bubbless" */ = {
			isa = XCConfigurationList;
			buildConfigurations = (
				780820DD245DBDD700DE6722 /* Debug */,
				780820DE245DBDD700DE6722 /* Release */,
			);
			defaultConfigurationIsVisible = 0;
			defaultConfigurationName = Release;
		};
		780820DF245DBDD700DE6722 /* Build configuration list for PBXNativeTarget "Bubbless" */ = {
			isa = XCConfigurationList;
			buildConfigurations = (
				780820E0245DBDD700DE6722 /* Debug */,
				780820E1245DBDD700DE6722 /* Release */,
			);
			defaultConfigurationIsVisible = 0;
			defaultConfigurationName = Release;
		};
/* End XCConfigurationList section */
	};
	rootObject = 780820BF245DBDD300DE6722 /* Project object */;
}
